
Microsoft Visual Studio Solution File, Format Version 12.00
# Visual Studio Version 16
VisualStudioVersion = 16.0.30128.74
MinimumVisualStudioVersion = 10.0.40219.1
Project("{9A19103F-16F7-4668-BE54-9A1E7A4F7556}") = "ProductService", "AuthTest\ProductService.csproj", "{23BD9477-E737-4E90-9430-B5090B1AC12A}"
EndProject
Global
	GlobalSection(SolutionConfigurationPlatforms) = preSolution
		Debug|Any CPU = Debug|Any CPU
		Release|Any CPU = Release|Any CPU
	EndGlobalSection
	GlobalSection(ProjectConfigurationPlatforms) = postSolution
		{23BD9477-E737-4E90-9430-B5090B1AC12A}.Debug|Any CPU.ActiveCfg = Debug|Any CPU
		{23BD9477-E737-4E90-9430-B5090B1AC12A}.Debug|Any CPU.Build.0 = Debug|Any CPU
		{23BD9477-E737-4E90-9430-B5090B1AC12A}.Release|Any CPU.ActiveCfg = Release|Any CPU
		{23BD9477-E737-4E90-9430-B5090B1AC12A}.Release|Any CPU.Build.0 = Release|Any CPU
	EndGlobalSection
	GlobalSection(SolutionProperties) = preSolution
		HideSolutionNode = FALSE
	EndGlobalSection
	GlobalSection(ExtensibilityGlobals) = postSolution
		SolutionGuid = {01DBF4AB-771F-4B9E-93F1-0DB1FEE2A437}
	EndGlobalSection
EndGlobal
